
Microsoft Visual Studio Solution File, Format Version 12.00
# Visual Studio 15
VisualStudioVersion = 15.0.27130.2020
MinimumVisualStudioVersion = 10.0.40219.1
Project("{9A19103F-16F7-4668-BE54-9A1E7A4F7556}") = "SAARA", "SAARA\SAARA.csproj", "{F5BE3D83-BA56-4B49-883E-FF041457BC97}"
EndProject
Project("{9A19103F-16F7-4668-BE54-9A1E7A4F7556}") = "Domain", "Domain\Domain.csproj", "{D9209FDA-3015-4BC5-AB58-DE0F614F4C37}"
EndProject
Project("{9A19103F-16F7-4668-BE54-9A1E7A4F7556}") = "Domain.Test", "Domain.Test\Domain.Test.csproj", "{597F6849-CA4B-4756-84FE-3C3A6F39B131}"
EndProject
Project("{9A19103F-16F7-4668-BE54-9A1E7A4F7556}") = "Domain.Abstractions", "Domain.Abstractions\Domain.Abstractions.csproj", "{8F54A24F-94AE-409B-B7E5-FB361177C25D}"
EndProject
Project("{9A19103F-16F7-4668-BE54-9A1E7A4F7556}") = "Infra", "Infra\Infra.csproj", "{D0FCB451-D270-44CD-9ABF-62029E429A36}"
EndProject
Project("{9A19103F-16F7-4668-BE54-9A1E7A4F7556}") = "Infra.Abstractions", "Infra.Abstractions\Infra.Abstractions.csproj", "{3CFBBFCF-B0C8-4F11-86FC-CDCE18F1D3FB}"
EndProject
Project("{9A19103F-16F7-4668-BE54-9A1E7A4F7556}") = "Infra.Test", "Infra.Test\Infra.Test.csproj", "{F67CB8AB-38C0-48D9-9831-E389298E9EB2}"
EndProject
Project("{9A19103F-16F7-4668-BE54-9A1E7A4F7556}") = "Util", "Util\Util.csproj", "{08899559-9AC2-451B-90FA-5AD075006322}"
EndProject
Project("{9A19103F-16F7-4668-BE54-9A1E7A4F7556}") = "Util.Test", "Util.Test\Util.Test.csproj", "{FD7D3D17-BB67-4635-ACF6-3140543E5309}"
EndProject
Project("{FAE04EC0-301F-11D3-BF4B-00C04F79EFBC}") = "DataReaderSchedulerTest", "DataReaderSchedulerTest\DataReaderSchedulerTest.csproj", "{14E3CFF4-00B4-4645-AE25-E81D85767B3D}"
EndProject
Global
	GlobalSection(SolutionConfigurationPlatforms) = preSolution
		Debug|Any CPU = Debug|Any CPU
		Release|Any CPU = Release|Any CPU
	EndGlobalSection
	GlobalSection(ProjectConfigurationPlatforms) = postSolution
		{F5BE3D83-BA56-4B49-883E-FF041457BC97}.Debug|Any CPU.ActiveCfg = Debug|Any CPU
		{F5BE3D83-BA56-4B49-883E-FF041457BC97}.Debug|Any CPU.Build.0 = Debug|Any CPU
		{F5BE3D83-BA56-4B49-883E-FF041457BC97}.Release|Any CPU.ActiveCfg = Release|Any CPU
		{F5BE3D83-BA56-4B49-883E-FF041457BC97}.Release|Any CPU.Build.0 = Release|Any CPU
		{D9209FDA-3015-4BC5-AB58-DE0F614F4C37}.Debug|Any CPU.ActiveCfg = Debug|Any CPU
		{D9209FDA-3015-4BC5-AB58-DE0F614F4C37}.Debug|Any CPU.Build.0 = Debug|Any CPU
		{D9209FDA-3015-4BC5-AB58-DE0F614F4C37}.Release|Any CPU.ActiveCfg = Release|Any CPU
		{D9209FDA-3015-4BC5-AB58-DE0F614F4C37}.Release|Any CPU.Build.0 = Release|Any CPU
		{597F6849-CA4B-4756-84FE-3C3A6F39B131}.Debug|Any CPU.ActiveCfg = Debug|Any CPU
		{597F6849-CA4B-4756-84FE-3C3A6F39B131}.Debug|Any CPU.Build.0 = Debug|Any CPU
		{597F6849-CA4B-4756-84FE-3C3A6F39B131}.Release|Any CPU.ActiveCfg = Release|Any CPU
		{597F6849-CA4B-4756-84FE-3C3A6F39B131}.Release|Any CPU.Build.0 = Release|Any CPU
		{8F54A24F-94AE-409B-B7E5-FB361177C25D}.Debug|Any CPU.ActiveCfg = Debug|Any CPU
		{8F54A24F-94AE-409B-B7E5-FB361177C25D}.Debug|Any CPU.Build.0 = Debug|Any CPU
		{8F54A24F-94AE-409B-B7E5-FB361177C25D}.Release|Any CPU.ActiveCfg = Release|Any CPU
		{8F54A24F-94AE-409B-B7E5-FB361177C25D}.Release|Any CPU.Build.0 = Release|Any CPU
		{D0FCB451-D270-44CD-9ABF-62029E429A36}.Debug|Any CPU.ActiveCfg = Debug|Any CPU
		{D0FCB451-D270-44CD-9ABF-62029E429A36}.Debug|Any CPU.Build.0 = Debug|Any CPU
		{D0FCB451-D270-44CD-9ABF-62029E429A36}.Release|Any CPU.ActiveCfg = Release|Any CPU
		{D0FCB451-D270-44CD-9ABF-62029E429A36}.Release|Any CPU.Build.0 = Release|Any CPU
		{3CFBBFCF-B0C8-4F11-86FC-CDCE18F1D3FB}.Debug|Any CPU.ActiveCfg = Debug|Any CPU
		{3CFBBFCF-B0C8-4F11-86FC-CDCE18F1D3FB}.Debug|Any CPU.Build.0 = Debug|Any CPU
		{3CFBBFCF-B0C8-4F11-86FC-CDCE18F1D3FB}.Release|Any CPU.ActiveCfg = Release|Any CPU
		{3CFBBFCF-B0C8-4F11-86FC-CDCE18F1D3FB}.Release|Any CPU.Build.0 = Release|Any CPU
		{F67CB8AB-38C0-48D9-9831-E389298E9EB2}.Debug|Any CPU.ActiveCfg = Debug|Any CPU
		{F67CB8AB-38C0-48D9-9831-E389298E9EB2}.Debug|Any CPU.Build.0 = Debug|Any CPU
		{F67CB8AB-38C0-48D9-9831-E389298E9EB2}.Release|Any CPU.ActiveCfg = Release|Any CPU
		{F67CB8AB-38C0-48D9-9831-E389298E9EB2}.Release|Any CPU.Build.0 = Release|Any CPU
		{08899559-9AC2-451B-90FA-5AD075006322}.Debug|Any CPU.ActiveCfg = Debug|Any CPU
		{08899559-9AC2-451B-90FA-5AD075006322}.Debug|Any CPU.Build.0 = Debug|Any CPU
		{08899559-9AC2-451B-90FA-5AD075006322}.Release|Any CPU.ActiveCfg = Release|Any CPU
		{08899559-9AC2-451B-90FA-5AD075006322}.Release|Any CPU.Build.0 = Release|Any CPU
		{FD7D3D17-BB67-4635-ACF6-3140543E5309}.Debug|Any CPU.ActiveCfg = Debug|Any CPU
		{FD7D3D17-BB67-4635-ACF6-3140543E5309}.Debug|Any CPU.Build.0 = Debug|Any CPU
		{FD7D3D17-BB67-4635-ACF6-3140543E5309}.Release|Any CPU.ActiveCfg = Release|Any CPU
		{FD7D3D17-BB67-4635-ACF6-3140543E5309}.Release|Any CPU.Build.0 = Release|Any CPU
		{14E3CFF4-00B4-4645-AE25-E81D85767B3D}.Debug|Any CPU.ActiveCfg = Debug|Any CPU
		{14E3CFF4-00B4-4645-AE25-E81D85767B3D}.Debug|Any CPU.Build.0 = Debug|Any CPU
		{14E3CFF4-00B4-4645-AE25-E81D85767B3D}.Release|Any CPU.ActiveCfg = Release|Any CPU
		{14E3CFF4-00B4-4645-AE25-E81D85767B3D}.Release|Any CPU.Build.0 = Release|Any CPU
	EndGlobalSection
	GlobalSection(SolutionProperties) = preSolution
		HideSolutionNode = FALSE
	EndGlobalSection
	GlobalSection(ExtensibilityGlobals) = postSolution
		SolutionGuid = {DF530124-2DA1-42D8-8200-ADEE202FF71E}
	EndGlobalSection
EndGlobal
